# This file is automatically @generated by Poetry 1.5.1 and should not be changed by hand.

[[package]]
name = "pypeg2"
version = "2.15.1"
description = "An intrinsic PEG Parser-Interpreter for Python"
optional = false
python-versions = "*"
files = [
    {file = "pyPEG2-2.15.1.tar.gz", hash = "sha256:f4814a5f9c84bbb0794bef8d2a5871f4aed25366791c55e2162681873ad8bd21"},
]

[metadata]
lock-version = "2.0"
python-versions = "^3.11"
content-hash = "9e6c9cbf704a2b1fe9c866b803abe9dc83935c1c5bdaff2030b501979fabb893"
